// !$*UTF8*$!
{
	archiveVersion = 1;
	classes = {
	};
	objectVersion = 56;
	objects = {

/* Begin PBXBuildFile section */
		A5C2DB31163995C0E5466493 /* Pods_FlexBoxUIKitExample.framework in Frameworks */ = {isa = PBXBuildFile; fileRef = 3DD12A572B7BA0FDAAF39B15 /* Pods_FlexBoxUIKitExample.framework */; };
		AE1BA79E2ACC17190025A3CA /* CollectionFixedHeightViewControllerDemo.swift in Sources */ = {isa = PBXBuildFile; fileRef = AE1BA79D2ACC17190025A3CA /* CollectionFixedHeightViewControllerDemo.swift */; };
		AE4792D92ACD5E5900127366 /* TableFixedHeightCellViewController.swift in Sources */ = {isa = PBXBuildFile; fileRef = AE4792D82ACD5E5900127366 /* TableFixedHeightCellViewController.swift */; };
		AE4792DB2ACD61AF00127366 /* TableFixedHeightCellViewController2.swift in Sources */ = {isa = PBXBuildFile; fileRef = AE4792DA2ACD61AF00127366 /* TableFixedHeightCellViewController2.swift */; };
		AE4792DD2ACD665100127366 /* TableDynamicHeightCellViewController.swift in Sources */ = {isa = PBXBuildFile; fileRef = AE4792DC2ACD665100127366 /* TableDynamicHeightCellViewController.swift */; };
		AE4792DF2ACEAB0A00127366 /* CollectionDynamicHeightViewControllerDemo.swift in Sources */ = {isa = PBXBuildFile; fileRef = AE4792DE2ACEAB0A00127366 /* CollectionDynamicHeightViewControllerDemo.swift */; };
		AE4792E12ACFED1200127366 /* WrapViewController.swift in Sources */ = {isa = PBXBuildFile; fileRef = AE4792E02ACFED1200127366 /* WrapViewController.swift */; };
		AE4792E32ACFED5E00127366 /* SwiftHeader.swift in Sources */ = {isa = PBXBuildFile; fileRef = AE4792E22ACFED5E00127366 /* SwiftHeader.swift */; };
		AE7DE1802AC2CF8100FE6170 /* AppDelegate.swift in Sources */ = {isa = PBXBuildFile; fileRef = AE7DE17F2AC2CF8100FE6170 /* AppDelegate.swift */; };
		AE7DE1822AC2CF8100FE6170 /* SceneDelegate.swift in Sources */ = {isa = PBXBuildFile; fileRef = AE7DE1812AC2CF8100FE6170 /* SceneDelegate.swift */; };
		AE7DE1842AC2CF8100FE6170 /* HelloFlexUIKitViewController.swift in Sources */ = {isa = PBXBuildFile; fileRef = AE7DE1832AC2CF8100FE6170 /* HelloFlexUIKitViewController.swift */; };
		AE7DE1872AC2CF8100FE6170 /* Main.storyboard in Resources */ = {isa = PBXBuildFile; fileRef = AE7DE1852AC2CF8100FE6170 /* Main.storyboard */; };
		AE7DE1892AC2CF8300FE6170 /* Assets.xcassets in Resources */ = {isa = PBXBuildFile; fileRef = AE7DE1882AC2CF8300FE6170 /* Assets.xcassets */; };
		AE7DE18C2AC2CF8300FE6170 /* LaunchScreen.storyboard in Resources */ = {isa = PBXBuildFile; fileRef = AE7DE18A2AC2CF8300FE6170 /* LaunchScreen.storyboard */; };
		AE9FFF992ACD4CC300DBCB9B /* MainViewController.swift in Sources */ = {isa = PBXBuildFile; fileRef = AE9FFF982ACD4CC300DBCB9B /* MainViewController.swift */; };
		AEE5BC8D2AD155620003E53C /* ImageViewController.swift in Sources */ = {isa = PBXBuildFile; fileRef = AEE5BC8C2AD155620003E53C /* ImageViewController.swift */; };
		AEE670342AC52BA7009622DE /* LivePreViewController.swift in Sources */ = {isa = PBXBuildFile; fileRef = AEE670322AC52BA7009622DE /* LivePreViewController.swift */; };
		AEE670352AC52BA7009622DE /* LivePreview.swift in Sources */ = {isa = PBXBuildFile; fileRef = AEE670332AC52BA7009622DE /* LivePreview.swift */; };
		AEE670382AC57750009622DE /* ZStackViewController.swift in Sources */ = {isa = PBXBuildFile; fileRef = AEE670372AC57750009622DE /* ZStackViewController.swift */; };
/* End PBXBuildFile section */

/* Begin PBXFileReference section */
		00E552D5839CE8813665966D /* Pods-FlexBoxUIKitExample.debug.xcconfig */ = {isa = PBXFileReference; includeInIndex = 1; lastKnownFileType = text.xcconfig; name = "Pods-FlexBoxUIKitExample.debug.xcconfig"; path = "Target Support Files/Pods-FlexBoxUIKitExample/Pods-FlexBoxUIKitExample.debug.xcconfig"; sourceTree = "<group>"; };
		2B7D867FEC9EE277E68D9159 /* Pods-FlexUIKitExample.release.xcconfig */ = {isa = PBXFileReference; includeInIndex = 1; lastKnownFileType = text.xcconfig; name = "Pods-FlexUIKitExample.release.xcconfig"; path = "Target Support Files/Pods-FlexUIKitExample/Pods-FlexUIKitExample.release.xcconfig"; sourceTree = "<group>"; };
		3DD12A572B7BA0FDAAF39B15 /* Pods_FlexBoxUIKitExample.framework */ = {isa = PBXFileReference; explicitFileType = wrapper.framework; includeInIndex = 0; path = Pods_FlexBoxUIKitExample.framework; sourceTree = BUILT_PRODUCTS_DIR; };
		AE1BA79D2ACC17190025A3CA /* CollectionFixedHeightViewControllerDemo.swift */ = {isa = PBXFileReference; lastKnownFileType = sourcecode.swift; path = CollectionFixedHeightViewControllerDemo.swift; sourceTree = "<group>"; };
		AE4792D82ACD5E5900127366 /* TableFixedHeightCellViewController.swift */ = {isa = PBXFileReference; lastKnownFileType = sourcecode.swift; path = TableFixedHeightCellViewController.swift; sourceTree = "<group>"; };
		AE4792DA2ACD61AF00127366 /* TableFixedHeightCellViewController2.swift */ = {isa = PBXFileReference; lastKnownFileType = sourcecode.swift; path = TableFixedHeightCellViewController2.swift; sourceTree = "<group>"; };
		AE4792DC2ACD665100127366 /* TableDynamicHeightCellViewController.swift */ = {isa = PBXFileReference; fileEncoding = 4; lastKnownFileType = sourcecode.swift; path = TableDynamicHeightCellViewController.swift; sourceTree = "<group>"; };
		AE4792DE2ACEAB0A00127366 /* CollectionDynamicHeightViewControllerDemo.swift */ = {isa = PBXFileReference; fileEncoding = 4; lastKnownFileType = sourcecode.swift; path = CollectionDynamicHeightViewControllerDemo.swift; sourceTree = "<group>"; };
		AE4792E02ACFED1200127366 /* WrapViewController.swift */ = {isa = PBXFileReference; lastKnownFileType = sourcecode.swift; path = WrapViewController.swift; sourceTree = "<group>"; };
		AE4792E22ACFED5E00127366 /* SwiftHeader.swift */ = {isa = PBXFileReference; lastKnownFileType = sourcecode.swift; path = SwiftHeader.swift; sourceTree = "<group>"; };
		AE7DE17C2AC2CF8100FE6170 /* FlexBoxUIKitExample.app */ = {isa = PBXFileReference; explicitFileType = wrapper.application; includeInIndex = 0; path = FlexBoxUIKitExample.app; sourceTree = BUILT_PRODUCTS_DIR; };
		AE7DE17F2AC2CF8100FE6170 /* AppDelegate.swift */ = {isa = PBXFileReference; lastKnownFileType = sourcecode.swift; path = AppDelegate.swift; sourceTree = "<group>"; };
		AE7DE1812AC2CF8100FE6170 /* SceneDelegate.swift */ = {isa = PBXFileReference; lastKnownFileType = sourcecode.swift; path = SceneDelegate.swift; sourceTree = "<group>"; };
		AE7DE1832AC2CF8100FE6170 /* HelloFlexUIKitViewController.swift */ = {isa = PBXFileReference; lastKnownFileType = sourcecode.swift; path = HelloFlexUIKitViewController.swift; sourceTree = "<group>"; };
		AE7DE1862AC2CF8100FE6170 /* Base */ = {isa = PBXFileReference; lastKnownFileType = file.storyboard; name = Base; path = Base.lproj/Main.storyboard; sourceTree = "<group>"; };
		AE7DE1882AC2CF8300FE6170 /* Assets.xcassets */ = {isa = PBXFileReference; lastKnownFileType = folder.assetcatalog; path = Assets.xcassets; sourceTree = "<group>"; };
		AE7DE18B2AC2CF8300FE6170 /* Base */ = {isa = PBXFileReference; lastKnownFileType = file.storyboard; name = Base; path = Base.lproj/LaunchScreen.storyboard; sourceTree = "<group>"; };
		AE7DE18D2AC2CF8300FE6170 /* Info.plist */ = {isa = PBXFileReference; lastKnownFileType = text.plist.xml; path = Info.plist; sourceTree = "<group>"; };
		AE9FFF982ACD4CC300DBCB9B /* MainViewController.swift */ = {isa = PBXFileReference; lastKnownFileType = sourcecode.swift; path = MainViewController.swift; sourceTree = "<group>"; };
		AEE5BC8C2AD155620003E53C /* ImageViewController.swift */ = {isa = PBXFileReference; lastKnownFileType = sourcecode.swift; path = ImageViewController.swift; sourceTree = "<group>"; };
		AEE670322AC52BA7009622DE /* LivePreViewController.swift */ = {isa = PBXFileReference; fileEncoding = 4; lastKnownFileType = sourcecode.swift; path = LivePreViewController.swift; sourceTree = "<group>"; };
		AEE670332AC52BA7009622DE /* LivePreview.swift */ = {isa = PBXFileReference; fileEncoding = 4; lastKnownFileType = sourcecode.swift; path = LivePreview.swift; sourceTree = "<group>"; };
		AEE670372AC57750009622DE /* ZStackViewController.swift */ = {isa = PBXFileReference; lastKnownFileType = sourcecode.swift; path = ZStackViewController.swift; sourceTree = "<group>"; };
		BBE4A05283AC61297EBCABB8 /* Pods-FlexBoxUIKitExample.release.xcconfig */ = {isa = PBXFileReference; includeInIndex = 1; lastKnownFileType = text.xcconfig; name = "Pods-FlexBoxUIKitExample.release.xcconfig"; path = "Target Support Files/Pods-FlexBoxUIKitExample/Pods-FlexBoxUIKitExample.release.xcconfig"; sourceTree = "<group>"; };
		D9517D6EA190252659A2BD31 /* Pods-FlexUIKitExample.debug.xcconfig */ = {isa = PBXFileReference; includeInIndex = 1; lastKnownFileType = text.xcconfig; name = "Pods-FlexUIKitExample.debug.xcconfig"; path = "Target Support Files/Pods-FlexUIKitExample/Pods-FlexUIKitExample.debug.xcconfig"; sourceTree = "<group>"; };
/* End PBXFileReference section */

/* Begin PBXFrameworksBuildPhase section */
		AE7DE1792AC2CF8100FE6170 /* Frameworks */ = {
			isa = PBXFrameworksBuildPhase;
			buildActionMask = 2147483647;
			files = (
				A5C2DB31163995C0E5466493 /* Pods_FlexBoxUIKitExample.framework in Frameworks */,
			);
			runOnlyForDeploymentPostprocessing = 0;
		};
/* End PBXFrameworksBuildPhase section */

/* Begin PBXGroup section */
		4D6B5D447847072BEEF99F1D /* Pods */ = {
			isa = PBXGroup;
			children = (
				D9517D6EA190252659A2BD31 /* Pods-FlexUIKitExample.debug.xcconfig */,
				2B7D867FEC9EE277E68D9159 /* Pods-FlexUIKitExample.release.xcconfig */,
				00E552D5839CE8813665966D /* Pods-FlexBoxUIKitExample.debug.xcconfig */,
				BBE4A05283AC61297EBCABB8 /* Pods-FlexBoxUIKitExample.release.xcconfig */,
			);
			path = Pods;
			sourceTree = "<group>";
		};
		6090D6BC4A4D28FEA2B7AADB /* Frameworks */ = {
			isa = PBXGroup;
			children = (
				3DD12A572B7BA0FDAAF39B15 /* Pods_FlexBoxUIKitExample.framework */,
			);
			name = Frameworks;
			sourceTree = "<group>";
		};
		AE7DE1732AC2CF8100FE6170 = {
			isa = PBXGroup;
			children = (
				AE7DE17E2AC2CF8100FE6170 /* FlexBoxUIKitExample */,
				AE7DE17D2AC2CF8100FE6170 /* Products */,
				4D6B5D447847072BEEF99F1D /* Pods */,
				6090D6BC4A4D28FEA2B7AADB /* Frameworks */,
			);
			sourceTree = "<group>";
		};
		AE7DE17D2AC2CF8100FE6170 /* Products */ = {
			isa = PBXGroup;
			children = (
				AE7DE17C2AC2CF8100FE6170 /* FlexBoxUIKitExample.app */,
			);
			name = Products;
			sourceTree = "<group>";
		};
		AE7DE17E2AC2CF8100FE6170 /* FlexBoxUIKitExample */ = {
			isa = PBXGroup;
			children = (
				AEE670362AC576DE009622DE /* Controller */,
				AEE670312AC52BA7009622DE /* preview */,
				AE7DE17F2AC2CF8100FE6170 /* AppDelegate.swift */,
				AE7DE1812AC2CF8100FE6170 /* SceneDelegate.swift */,
				AE9FFF982ACD4CC300DBCB9B /* MainViewController.swift */,
				AE7DE1852AC2CF8100FE6170 /* Main.storyboard */,
				AE7DE1882AC2CF8300FE6170 /* Assets.xcassets */,
				AE7DE18A2AC2CF8300FE6170 /* LaunchScreen.storyboard */,
				AE7DE18D2AC2CF8300FE6170 /* Info.plist */,
				AE4792E22ACFED5E00127366 /* SwiftHeader.swift */,
			);
			path = FlexBoxUIKitExample;
			sourceTree = "<group>";
		};
		AEE670312AC52BA7009622DE /* preview */ = {
			isa = PBXGroup;
			children = (
				AEE670322AC52BA7009622DE /* LivePreViewController.swift */,
				AEE670332AC52BA7009622DE /* LivePreview.swift */,
			);
			path = preview;
			sourceTree = "<group>";
		};
		AEE670362AC576DE009622DE /* Controller */ = {
			isa = PBXGroup;
			children = (
				AEE670372AC57750009622DE /* ZStackViewController.swift */,
				AE1BA79D2ACC17190025A3CA /* CollectionFixedHeightViewControllerDemo.swift */,
				AE4792DE2ACEAB0A00127366 /* CollectionDynamicHeightViewControllerDemo.swift */,
				AE4792D82ACD5E5900127366 /* TableFixedHeightCellViewController.swift */,
				AE4792DA2ACD61AF00127366 /* TableFixedHeightCellViewController2.swift */,
				AE4792DC2ACD665100127366 /* TableDynamicHeightCellViewController.swift */,
				AE7DE1832AC2CF8100FE6170 /* HelloFlexUIKitViewController.swift */,
				AE4792E02ACFED1200127366 /* WrapViewController.swift */,
				AEE5BC8C2AD155620003E53C /* ImageViewController.swift */,
			);
			path = Controller;
			sourceTree = "<group>";
		};
/* End PBXGroup section */

/* Begin PBXNativeTarget section */
		AE7DE17B2AC2CF8100FE6170 /* FlexBoxUIKitExample */ = {
			isa = PBXNativeTarget;
			buildConfigurationList = AE7DE1902AC2CF8300FE6170 /* Build configuration list for PBXNativeTarget "FlexBoxUIKitExample" */;
			buildPhases = (
				2BFBE9F935D907B0B0961A72 /* [CP] Check Pods Manifest.lock */,
				AE7DE1782AC2CF8100FE6170 /* Sources */,
				AE7DE1792AC2CF8100FE6170 /* Frameworks */,
				AE7DE17A2AC2CF8100FE6170 /* Resources */,
				AA586A8E73D8A6F665049C50 /* [CP] Embed Pods Frameworks */,
			);
			buildRules = (
			);
			dependencies = (
			);
			name = FlexBoxUIKitExample;
			productName = FlexUIKitExample;
			productReference = AE7DE17C2AC2CF8100FE6170 /* FlexBoxUIKitExample.app */;
			productType = "com.apple.product-type.application";
		};
/* End PBXNativeTarget section */

/* Begin PBXProject section */
		AE7DE1742AC2CF8100FE6170 /* Project object */ = {
			isa = PBXProject;
			attributes = {
				BuildIndependentTargetsInParallel = 1;
				LastSwiftUpdateCheck = 1420;
				LastUpgradeCheck = 1420;
				TargetAttributes = {
					AE7DE17B2AC2CF8100FE6170 = {
						CreatedOnToolsVersion = 14.2;
					};
				};
			};
			buildConfigurationList = AE7DE1772AC2CF8100FE6170 /* Build configuration list for PBXProject "FlexBoxUIKitExample" */;
			compatibilityVersion = "Xcode 14.0";
			developmentRegion = en;
			hasScannedForEncodings = 0;
			knownRegions = (
				en,
				Base,
			);
			mainGroup = AE7DE1732AC2CF8100FE6170;
			productRefGroup = AE7DE17D2AC2CF8100FE6170 /* Products */;
			projectDirPath = "";
			projectRoot = "";
			targets = (
				AE7DE17B2AC2CF8100FE6170 /* FlexBoxUIKitExample */,
			);
		};
/* End PBXProject section */

/* Begin PBXResourcesBuildPhase section */
		AE7DE17A2AC2CF8100FE6170 /* Resources */ = {
			isa = PBXResourcesBuildPhase;
			buildActionMask = 2147483647;
			files = (
				AE7DE18C2AC2CF8300FE6170 /* LaunchScreen.storyboard in Resources */,
				AE7DE1892AC2CF8300FE6170 /* Assets.xcassets in Resources */,
				AE7DE1872AC2CF8100FE6170 /* Main.storyboard in Resources */,
			);
			runOnlyForDeploymentPostprocessing = 0;
		};
/* End PBXResourcesBuildPhase section */

/* Begin PBXShellScriptBuildPhase section */
		2BFBE9F935D907B0B0961A72 /* [CP] Check Pods Manifest.lock */ = {
			isa = PBXShellScriptBuildPhase;
			buildActionMask = 2147483647;
			files = (
			);
			inputFileListPaths = (
			);
			inputPaths = (
				"${PODS_PODFILE_DIR_PATH}/Podfile.lock",
				"${PODS_ROOT}/Manifest.lock",
			);
			name = "[CP] Check Pods Manifest.lock";
			outputFileListPaths = (
			);
			outputPaths = (
				"$(DERIVED_FILE_DIR)/Pods-FlexBoxUIKitExample-checkManifestLockResult.txt",
			);
			runOnlyForDeploymentPostprocessing = 0;
			shellPath = /bin/sh;
			shellScript = "diff \"${PODS_PODFILE_DIR_PATH}/Podfile.lock\" \"${PODS_ROOT}/Manifest.lock\" > /dev/null\nif [ $? != 0 ] ; then\n    # print error to STDERR\n    echo \"error: The sandbox is not in sync with the Podfile.lock. Run 'pod install' or update your CocoaPods installation.\" >&2\n    exit 1\nfi\n# This output is used by Xcode 'outputs' to avoid re-running this script phase.\necho \"SUCCESS\" > \"${SCRIPT_OUTPUT_FILE_0}\"\n";
			showEnvVarsInLog = 0;
		};
		AA586A8E73D8A6F665049C50 /* [CP] Embed Pods Frameworks */ = {
			isa = PBXShellScriptBuildPhase;
			buildActionMask = 2147483647;
			files = (
			);
			inputFileListPaths = (
				"${PODS_ROOT}/Target Support Files/Pods-FlexBoxUIKitExample/Pods-FlexBoxUIKitExample-frameworks-${CONFIGURATION}-input-files.xcfilelist",
			);
			name = "[CP] Embed Pods Frameworks";
			outputFileListPaths = (
				"${PODS_ROOT}/Target Support Files/Pods-FlexBoxUIKitExample/Pods-FlexBoxUIKitExample-frameworks-${CONFIGURATION}-output-files.xcfilelist",
			);
			runOnlyForDeploymentPostprocessing = 0;
			shellPath = /bin/sh;
			shellScript = "\"${PODS_ROOT}/Target Support Files/Pods-FlexBoxUIKitExample/Pods-FlexBoxUIKitExample-frameworks.sh\"\n";
			showEnvVarsInLog = 0;
		};
/* End PBXShellScriptBuildPhase section */

/* Begin PBXSourcesBuildPhase section */
		AE7DE1782AC2CF8100FE6170 /* Sources */ = {
			isa = PBXSourcesBuildPhase;
			buildActionMask = 2147483647;
			files = (
				AE4792DF2ACEAB0A00127366 /* CollectionDynamicHeightViewControllerDemo.swift in Sources */,
				AE4792DB2ACD61AF00127366 /* TableFixedHeightCellViewController2.swift in Sources */,
				AE4792E32ACFED5E00127366 /* SwiftHeader.swift in Sources */,
				AE1BA79E2ACC17190025A3CA /* CollectionFixedHeightViewControllerDemo.swift in Sources */,
				AEE670342AC52BA7009622DE /* LivePreViewController.swift in Sources */,
				AE7DE1842AC2CF8100FE6170 /* HelloFlexUIKitViewController.swift in Sources */,
				AE4792DD2ACD665100127366 /* TableDynamicHeightCellViewController.swift in Sources */,
				AEE5BC8D2AD155620003E53C /* ImageViewController.swift in Sources */,
				AEE670382AC57750009622DE /* ZStackViewController.swift in Sources */,
				AE7DE1802AC2CF8100FE6170 /* AppDelegate.swift in Sources */,
				AEE670352AC52BA7009622DE /* LivePreview.swift in Sources */,
				AE4792D92ACD5E5900127366 /* TableFixedHeightCellViewController.swift in Sources */,
				AE7DE1822AC2CF8100FE6170 /* SceneDelegate.swift in Sources */,
				AE4792E12ACFED1200127366 /* WrapViewController.swift in Sources */,
				AE9FFF992ACD4CC300DBCB9B /* MainViewController.swift in Sources */,
			);
			runOnlyForDeploymentPostprocessing = 0;
		};
/* End PBXSourcesBuildPhase section */

/* Begin PBXVariantGroup section */
		AE7DE1852AC2CF8100FE6170 /* Main.storyboard */ = {
			isa = PBXVariantGroup;
			children = (
				AE7DE1862AC2CF8100FE6170 /* Base */,
			);
			name = Main.storyboard;
			sourceTree = "<group>";
		};
		AE7DE18A2AC2CF8300FE6170 /* LaunchScreen.storyboard */ = {
			isa = PBXVariantGroup;
			children = (
				AE7DE18B2AC2CF8300FE6170 /* Base */,
			);
			name = LaunchScreen.storyboard;
			sourceTree = "<group>";
		};
/* End PBXVariantGroup section */

/* Begin XCBuildConfiguration section */
		AE7DE18E2AC2CF8300FE6170 /* Debug */ = {
			isa = XCBuildConfiguration;
			buildSettings = {
				ALWAYS_SEARCH_USER_PATHS = NO;
				CLANG_ANALYZER_NONNULL = YES;
				CLANG_ANALYZER_NUMBER_OBJECT_CONVERSION = YES_AGGRESSIVE;
				CLANG_CXX_LANGUAGE_STANDARD = "gnu++20";
				CLANG_ENABLE_MODULES = YES;
				CLANG_ENABLE_OBJC_ARC = YES;
				CLANG_ENABLE_OBJC_WEAK = YES;
				CLANG_WARN_BLOCK_CAPTURE_AUTORELEASING = YES;
				CLANG_WARN_BOOL_CONVERSION = YES;
				CLANG_WARN_COMMA = YES;
				CLANG_WARN_CONSTANT_CONVERSION = YES;
				CLANG_WARN_DEPRECATED_OBJC_IMPLEMENTATIONS = YES;
				CLANG_WARN_DIRECT_OBJC_ISA_USAGE = YES_ERROR;
				CLANG_WARN_DOCUMENTATION_COMMENTS = YES;
				CLANG_WARN_EMPTY_BODY = YES;
				CLANG_WARN_ENUM_CONVERSION = YES;
				CLANG_WARN_INFINITE_RECURSION = YES;
				CLANG_WARN_INT_CONVERSION = YES;
				CLANG_WARN_NON_LITERAL_NULL_CONVERSION = YES;
				CLANG_WARN_OBJC_IMPLICIT_RETAIN_SELF = YES;
				CLANG_WARN_OBJC_LITERAL_CONVERSION = YES;
				CLANG_WARN_OBJC_ROOT_CLASS = YES_ERROR;
				CLANG_WARN_QUOTED_INCLUDE_IN_FRAMEWORK_HEADER = YES;
				CLANG_WARN_RANGE_LOOP_ANALYSIS = YES;
				CLANG_WARN_STRICT_PROTOTYPES = YES;
				CLANG_WARN_SUSPICIOUS_MOVE = YES;
				CLANG_WARN_UNGUARDED_AVAILABILITY = YES_AGGRESSIVE;
				CLANG_WARN_UNREACHABLE_CODE = YES;
				CLANG_WARN__DUPLICATE_METHOD_MATCH = YES;
				COPY_PHASE_STRIP = NO;
				DEBUG_INFORMATION_FORMAT = dwarf;
				ENABLE_STRICT_OBJC_MSGSEND = YES;
				ENABLE_TESTABILITY = YES;
				GCC_C_LANGUAGE_STANDARD = gnu11;
				GCC_DYNAMIC_NO_PIC = NO;
				GCC_NO_COMMON_BLOCKS = YES;
				GCC_OPTIMIZATION_LEVEL = 0;
				GCC_PREPROCESSOR_DEFINITIONS = (
					"DEBUG=1",
					"$(inherited)",
				);
				GCC_WARN_64_TO_32_BIT_CONVERSION = YES;
				GCC_WARN_ABOUT_RETURN_TYPE = YES_ERROR;
				GCC_WARN_UNDECLARED_SELECTOR = YES;
				GCC_WARN_UNINITIALIZED_AUTOS = YES_AGGRESSIVE;
				GCC_WARN_UNUSED_FUNCTION = YES;
				GCC_WARN_UNUSED_VARIABLE = YES;
				IPHONEOS_DEPLOYMENT_TARGET = 16.2;
				MTL_ENABLE_DEBUG_INFO = INCLUDE_SOURCE;
				MTL_FAST_MATH = YES;
				ONLY_ACTIVE_ARCH = YES;
				SDKROOT = iphoneos;
				SWIFT_ACTIVE_COMPILATION_CONDITIONS = DEBUG;
				SWIFT_OPTIMIZATION_LEVEL = "-Onone";
			};
			name = Debug;
		};
		AE7DE18F2AC2CF8300FE6170 /* Release */ = {
			isa = XCBuildConfiguration;
			buildSettings = {
				ALWAYS_SEARCH_USER_PATHS = NO;
				CLANG_ANALYZER_NONNULL = YES;
				CLANG_ANALYZER_NUMBER_OBJECT_CONVERSION = YES_AGGRESSIVE;
				CLANG_CXX_LANGUAGE_STANDARD = "gnu++20";
				CLANG_ENABLE_MODULES = YES;
				CLANG_ENABLE_OBJC_ARC = YES;
				CLANG_ENABLE_OBJC_WEAK = YES;
				CLANG_WARN_BLOCK_CAPTURE_AUTORELEASING = YES;
				CLANG_WARN_BOOL_CONVERSION = YES;
				CLANG_WARN_COMMA = YES;
				CLANG_WARN_CONSTANT_CONVERSION = YES;
				CLANG_WARN_DEPRECATED_OBJC_IMPLEMENTATIONS = YES;
				CLANG_WARN_DIRECT_OBJC_ISA_USAGE = YES_ERROR;
				CLANG_WARN_DOCUMENTATION_COMMENTS = YES;
				CLANG_WARN_EMPTY_BODY = YES;
				CLANG_WARN_ENUM_CONVERSION = YES;
				CLANG_WARN_INFINITE_RECURSION = YES;
				CLANG_WARN_INT_CONVERSION = YES;
				CLANG_WARN_NON_LITERAL_NULL_CONVERSION = YES;
				CLANG_WARN_OBJC_IMPLICIT_RETAIN_SELF = YES;
				CLANG_WARN_OBJC_LITERAL_CONVERSION = YES;
				CLANG_WARN_OBJC_ROOT_CLASS = YES_ERROR;
				CLANG_WARN_QUOTED_INCLUDE_IN_FRAMEWORK_HEADER = YES;
				CLANG_WARN_RANGE_LOOP_ANALYSIS = YES;
				CLANG_WARN_STRICT_PROTOTYPES = YES;
				CLANG_WARN_SUSPICIOUS_MOVE = YES;
				CLANG_WARN_UNGUARDED_AVAILABILITY = YES_AGGRESSIVE;
				CLANG_WARN_UNREACHABLE_CODE = YES;
				CLANG_WARN__DUPLICATE_METHOD_MATCH = YES;
				COPY_PHASE_STRIP = NO;
				DEBUG_INFORMATION_FORMAT = "dwarf-with-dsym";
				ENABLE_NS_ASSERTIONS = NO;
				ENABLE_STRICT_OBJC_MSGSEND = YES;
				GCC_C_LANGUAGE_STANDARD = gnu11;
				GCC_NO_COMMON_BLOCKS = YES;
				GCC_WARN_64_TO_32_BIT_CONVERSION = YES;
				GCC_WARN_ABOUT_RETURN_TYPE = YES_ERROR;
				GCC_WARN_UNDECLARED_SELECTOR = YES;
				GCC_WARN_UNINITIALIZED_AUTOS = YES_AGGRESSIVE;
				GCC_WARN_UNUSED_FUNCTION = YES;
				GCC_WARN_UNUSED_VARIABLE = YES;
				IPHONEOS_DEPLOYMENT_TARGET = 16.2;
				MTL_ENABLE_DEBUG_INFO = NO;
				MTL_FAST_MATH = YES;
				SDKROOT = iphoneos;
				SWIFT_COMPILATION_MODE = wholemodule;
				SWIFT_OPTIMIZATION_LEVEL = "-O";
				VALIDATE_PRODUCT = YES;
			};
			name = Release;
		};
		AE7DE1912AC2CF8300FE6170 /* Debug */ = {
			isa = XCBuildConfiguration;
			baseConfigurationReference = 00E552D5839CE8813665966D /* Pods-FlexBoxUIKitExample.debug.xcconfig */;
			buildSettings = {
				ASSETCATALOG_COMPILER_APPICON_NAME = AppIcon;
				ASSETCATALOG_COMPILER_GLOBAL_ACCENT_COLOR_NAME = AccentColor;
				CODE_SIGN_STYLE = Automatic;
				CURRENT_PROJECT_VERSION = 1;
				DEVELOPMENT_TEAM = "";
				GENERATE_INFOPLIST_FILE = YES;
				INFOPLIST_FILE = FlexBoxUIKitExample/Info.plist;
				INFOPLIST_KEY_UIApplicationSupportsIndirectInputEvents = YES;
				INFOPLIST_KEY_UILaunchStoryboardName = LaunchScreen;
				INFOPLIST_KEY_UIMainStoryboardFile = Main;
				INFOPLIST_KEY_UISupportedInterfaceOrientations_iPad = "UIInterfaceOrientationPortrait UIInterfaceOrientationPortraitUpsideDown UIInterfaceOrientationLandscapeLeft UIInterfaceOrientationLandscapeRight";
				INFOPLIST_KEY_UISupportedInterfaceOrientations_iPhone = "UIInterfaceOrientationPortrait UIInterfaceOrientationLandscapeLeft UIInterfaceOrientationLandscapeRight";
				IPHONEOS_DEPLOYMENT_TARGET = 11.0;
				LD_RUNPATH_SEARCH_PATHS = (
					"$(inherited)",
					"@executable_path/Frameworks",
				);
				MARKETING_VERSION = 1.0;
				PRODUCT_BUNDLE_IDENTIFIER = com.readchen.FlexUIKitExample;
				PRODUCT_NAME = "$(TARGET_NAME)";
				SWIFT_EMIT_LOC_STRINGS = YES;
				SWIFT_VERSION = 5.0;
				TARGETED_DEVICE_FAMILY = "1,2";
			};
			name = Debug;
		};
		AE7DE1922AC2CF8300FE6170 /* Release */ = {
			isa = XCBuildConfiguration;
			baseConfigurationReference = BBE4A05283AC61297EBCABB8 /* Pods-FlexBoxUIKitExample.release.xcconfig */;
			buildSettings = {
				ASSETCATALOG_COMPILER_APPICON_NAME = AppIcon;
				ASSETCATALOG_COMPILER_GLOBAL_ACCENT_COLOR_NAME = AccentColor;
				CODE_SIGN_STYLE = Automatic;
				CURRENT_PROJECT_VERSION = 1;
				DEVELOPMENT_TEAM = "";
				GENERATE_INFOPLIST_FILE = YES;
				INFOPLIST_FILE = FlexBoxUIKitExample/Info.plist;
				INFOPLIST_KEY_UIApplicationSupportsIndirectInputEvents = YES;
				INFOPLIST_KEY_UILaunchStoryboardName = LaunchScreen;
				INFOPLIST_KEY_UIMainStoryboardFile = Main;
				INFOPLIST_KEY_UISupportedInterfaceOrientations_iPad = "UIInterfaceOrientationPortrait UIInterfaceOrientationPortraitUpsideDown UIInterfaceOrientationLandscapeLeft UIInterfaceOrientationLandscapeRight";
				INFOPLIST_KEY_UISupportedInterfaceOrientations_iPhone = "UIInterfaceOrientationPortrait UIInterfaceOrientationLandscapeLeft UIInterfaceOrientationLandscapeRight";
				IPHONEOS_DEPLOYMENT_TARGET = 11.0;
				LD_RUNPATH_SEARCH_PATHS = (
					"$(inherited)",
					"@executable_path/Frameworks",
				);
				MARKETING_VERSION = 1.0;
				PRODUCT_BUNDLE_IDENTIFIER = com.readchen.FlexUIKitExample;
				PRODUCT_NAME = "$(TARGET_NAME)";
				SWIFT_EMIT_LOC_STRINGS = YES;
				SWIFT_VERSION = 5.0;
				TARGETED_DEVICE_FAMILY = "1,2";
			};
			name = Release;
		};
/* End XCBuildConfiguration section */

/* Begin XCConfigurationList section */
		AE7DE1772AC2CF8100FE6170 /* Build configuration list for PBXProject "FlexBoxUIKitExample" */ = {
			isa = XCConfigurationList;
			buildConfigurations = (
				AE7DE18E2AC2CF8300FE6170 /* Debug */,
				AE7DE18F2AC2CF8300FE6170 /* Release */,
			);
			defaultConfigurationIsVisible = 0;
			defaultConfigurationName = Release;
		};
		AE7DE1902AC2CF8300FE6170 /* Build configuration list for PBXNativeTarget "FlexBoxUIKitExample" */ = {
			isa = XCConfigurationList;
			buildConfigurations = (
				AE7DE1912AC2CF8300FE6170 /* Debug */,
				AE7DE1922AC2CF8300FE6170 /* Release */,
			);
			defaultConfigurationIsVisible = 0;
			defaultConfigurationName = Release;
		};
/* End XCConfigurationList section */
	};
	rootObject = AE7DE1742AC2CF8100FE6170 /* Project object */;
}
